// !$*UTF8*$!
{
	archiveVersion = 1;
	classes = {
	};
	objectVersion = 46;
	objects = {

/* Begin PBXBuildFile section */
		0DA22E51158A8E8E00EAC859 /* Cocoa.framework in Frameworks */ = {isa = PBXBuildFile; fileRef = 0DA22E50158A8E8E00EAC859 /* Cocoa.framework */; };
		0DA22E5B158A8E8E00EAC859 /* InfoPlist.strings in Resources */ = {isa = PBXBuildFile; fileRef = 0DA22E59158A8E8E00EAC859 /* InfoPlist.strings */; };
		0DA22E5D158A8E8E00EAC859 /* main.m in Sources */ = {isa = PBXBuildFile; fileRef = 0DA22E5C158A8E8E00EAC859 /* main.m */; };
		0DA22E61158A8E8E00EAC859 /* Credits.rtf in Resources */ = {isa = PBXBuildFile; fileRef = 0DA22E5F158A8E8E00EAC859 /* Credits.rtf */; };
		0DA22E64158A8E8E00EAC859 /* AppDelegate.m in Sources */ = {isa = PBXBuildFile; fileRef = 0DA22E63158A8E8E00EAC859 /* AppDelegate.m */; };
		0DA22E67158A8E8E00EAC859 /* MainMenu.xib in Resources */ = {isa = PBXBuildFile; fileRef = 0DA22E65158A8E8E00EAC859 /* MainMenu.xib */; };
/* End PBXBuildFile section */

/* Begin PBXFileReference section */
		0DA22E4C158A8E8E00EAC859 /* MacBoy.app */ = {isa = PBXFileReference; explicitFileType = wrapper.application; includeInIndex = 0; path = MacBoy.app; sourceTree = BUILT_PRODUCTS_DIR; };
		0DA22E50158A8E8E00EAC859 /* Cocoa.framework */ = {isa = PBXFileReference; lastKnownFileType = wrapper.framework; name = Cocoa.framework; path = System/Library/Frameworks/Cocoa.framework; sourceTree = SDKROOT; };
		0DA22E53158A8E8E00EAC859 /* AppKit.framework */ = {isa = PBXFileReference; lastKnownFileType = wrapper.framework; name = AppKit.framework; path = System/Library/Frameworks/AppKit.framework; sourceTree = SDKROOT; };
		0DA22E54158A8E8E00EAC859 /* CoreData.framework */ = {isa = PBXFileReference; lastKnownFileType = wrapper.framework; name = CoreData.framework; path = System/Library/Frameworks/CoreData.framework; sourceTree = SDKROOT; };
		0DA22E55158A8E8E00EAC859 /* Foundation.framework */ = {isa = PBXFileReference; lastKnownFileType = wrapper.framework; name = Foundation.framework; path = System/Library/Frameworks/Foundation.framework; sourceTree = SDKROOT; };
		0DA22E58158A8E8E00EAC859 /* MacBoy-Info.plist */ = {isa = PBXFileReference; path = "MacBoy-Info.plist"; sourceTree = "<group>"; };
		0DA22E5A158A8E8E00EAC859 /* en */ = {isa = PBXFileReference; lastKnownFileType = text.plist.strings; name = en; path = en.lproj/InfoPlist.strings; sourceTree = "<group>"; };
		0DA22E5C158A8E8E00EAC859 /* main.m */ = {isa = PBXFileReference; lastKnownFileType = sourcecode.c.objc; path = main.m; sourceTree = "<group>"; };
		0DA22E5E158A8E8E00EAC859 /* MacBoy-Prefix.pch */ = {isa = PBXFileReference; path = "MacBoy-Prefix.pch"; sourceTree = "<group>"; };
		0DA22E60158A8E8E00EAC859 /* en */ = {isa = PBXFileReference; lastKnownFileType = text.rtf; name = en; path = en.lproj/Credits.rtf; sourceTree = "<group>"; };
		0DA22E62158A8E8E00EAC859 /* AppDelegate.h */ = {isa = PBXFileReference; path = AppDelegate.h; sourceTree = "<group>"; };
		0DA22E63158A8E8E00EAC859 /* AppDelegate.m */ = {isa = PBXFileReference; lastKnownFileType = sourcecode.c.objc; path = AppDelegate.m; sourceTree = "<group>"; };
		0DA22E66158A8E8E00EAC859 /* en */ = {isa = PBXFileReference; lastKnownFileType = file.xib; name = en; path = en.lproj/MainMenu.xib; sourceTree = "<group>"; };
/* End PBXFileReference section */

/* Begin PBXFrameworksBuildPhase section */
		0DA22E49158A8E8E00EAC859 /* Frameworks */ = {
			isa = PBXFrameworksBuildPhase;
			buildActionMask = 2147483647;
			files = (
				0DA22E51158A8E8E00EAC859 /* Cocoa.framework in Frameworks */,
			);
			runOnlyForDeploymentPostprocessing = 0;
		};
/* End PBXFrameworksBuildPhase section */

/* Begin PBXGroup section */
		0DA22E41158A8E8D00EAC859 = {
			isa = PBXGroup;
			children = (
				0DA22E56158A8E8E00EAC859 /* MacBoy */,
				0DA22E4F158A8E8E00EAC859 /* Frameworks */,
				0DA22E4D158A8E8E00EAC859 /* Products */,
			);
			sourceTree = "<group>";
		};
		0DA22E4D158A8E8E00EAC859 /* Products */ = {
			isa = PBXGroup;
			children = (
				0DA22E4C158A8E8E00EAC859 /* MacBoy.app */,
			);
			name = Products;
			sourceTree = "<group>";
		};
		0DA22E4F158A8E8E00EAC859 /* Frameworks */ = {
			isa = PBXGroup;
			children = (
				0DA22E50158A8E8E00EAC859 /* Cocoa.framework */,
				0DA22E52158A8E8E00EAC859 /* Other Frameworks */,
			);
			name = Frameworks;
			sourceTree = "<group>";
		};
		0DA22E52158A8E8E00EAC859 /* Other Frameworks */ = {
			isa = PBXGroup;
			children = (
				0DA22E53158A8E8E00EAC859 /* AppKit.framework */,
				0DA22E54158A8E8E00EAC859 /* CoreData.framework */,
				0DA22E55158A8E8E00EAC859 /* Foundation.framework */,
			);
			name = "Other Frameworks";
			sourceTree = "<group>";
		};
		0DA22E56158A8E8E00EAC859 /* MacBoy */ = {
			isa = PBXGroup;
			children = (
				0DA22E62158A8E8E00EAC859 /* AppDelegate.h */,
				0DA22E63158A8E8E00EAC859 /* AppDelegate.m */,
				0DA22E65158A8E8E00EAC859 /* MainMenu.xib */,
				0DA22E57158A8E8E00EAC859 /* Supporting Files */,
			);
			path = MacBoy;
			sourceTree = "<group>";
		};
		0DA22E57158A8E8E00EAC859 /* Supporting Files */ = {
			isa = PBXGroup;
			children = (
				0DA22E58158A8E8E00EAC859 /* MacBoy-Info.plist */,
				0DA22E59158A8E8E00EAC859 /* InfoPlist.strings */,
				0DA22E5C158A8E8E00EAC859 /* main.m */,
				0DA22E5E158A8E8E00EAC859 /* MacBoy-Prefix.pch */,
				0DA22E5F158A8E8E00EAC859 /* Credits.rtf */,
			);
			name = "Supporting Files";
			sourceTree = "<group>";
		};
/* End PBXGroup section */

/* Begin PBXNativeTarget section */
		0DA22E4B158A8E8E00EAC859 /* MacBoy */ = {
			isa = PBXNativeTarget;
			buildConfigurationList = 0DA22E6A158A8E8E00EAC859 /* Build configuration list for PBXNativeTarget "MacBoy" */;
			buildPhases = (
				0DA22E48158A8E8E00EAC859 /* Sources */,
				0DA22E49158A8E8E00EAC859 /* Frameworks */,
				0DA22E4A158A8E8E00EAC859 /* Resources */,
			);
			buildRules = (
			);
			dependencies = (
			);
			name = MacBoy;
			productName = MacBoy;
			productReference = 0DA22E4C158A8E8E00EAC859 /* MacBoy.app */;
			productType = "com.apple.product-type.application";
		};
/* End PBXNativeTarget section */

/* Begin PBXProject section */
		0DA22E43158A8E8D00EAC859 /* Project object */ = {
			isa = PBXProject;
			attributes = {
				LastUpgradeCheck = 0430;
			};
			buildConfigurationList = 0DA22E46158A8E8D00EAC859 /* Build configuration list for PBXProject "MacBoy" */;
			compatibilityVersion = "Xcode 3.2";
			developmentRegion = English;
			hasScannedForEncodings = 0;
			knownRegions = (
				en,
			);
			mainGroup = 0DA22E41158A8E8D00EAC859;
			productRefGroup = 0DA22E4D158A8E8E00EAC859 /* Products */;
			projectDirPath = "";
			projectRoot = "";
			targets = (
				0DA22E4B158A8E8E00EAC859 /* MacBoy */,
			);
		};
/* End PBXProject section */

/* Begin PBXResourcesBuildPhase section */
		0DA22E4A158A8E8E00EAC859 /* Resources */ = {
			isa = PBXResourcesBuildPhase;
			buildActionMask = 2147483647;
			files = (
				0DA22E5B158A8E8E00EAC859 /* InfoPlist.strings in Resources */,
				0DA22E61158A8E8E00EAC859 /* Credits.rtf in Resources */,
				0DA22E67158A8E8E00EAC859 /* MainMenu.xib in Resources */,
			);
			runOnlyForDeploymentPostprocessing = 0;
		};
/* End PBXResourcesBuildPhase section */

/* Begin PBXSourcesBuildPhase section */
		0DA22E48158A8E8E00EAC859 /* Sources */ = {
			isa = PBXSourcesBuildPhase;
			buildActionMask = 2147483647;
			files = (
				0DA22E5D158A8E8E00EAC859 /* main.m in Sources */,
				0DA22E64158A8E8E00EAC859 /* AppDelegate.m in Sources */,
			);
			runOnlyForDeploymentPostprocessing = 0;
		};
/* End PBXSourcesBuildPhase section */

/* Begin PBXVariantGroup section */
		0DA22E59158A8E8E00EAC859 /* InfoPlist.strings */ = {
			isa = PBXVariantGroup;
			children = (
				0DA22E5A158A8E8E00EAC859 /* en */,
			);
			name = InfoPlist.strings;
			sourceTree = "<group>";
		};
		0DA22E5F158A8E8E00EAC859 /* Credits.rtf */ = {
			isa = PBXVariantGroup;
			children = (
				0DA22E60158A8E8E00EAC859 /* en */,
			);
			name = Credits.rtf;
			sourceTree = "<group>";
		};
		0DA22E65158A8E8E00EAC859 /* MainMenu.xib */ = {
			isa = PBXVariantGroup;
			children = (
				0DA22E66158A8E8E00EAC859 /* en */,
			);
			name = MainMenu.xib;
			sourceTree = "<group>";
		};
/* End PBXVariantGroup section */

/* Begin XCBuildConfiguration section */
		0DA22E68158A8E8E00EAC859 /* Debug */ = {
			isa = XCBuildConfiguration;
			buildSettings = {
				ALWAYS_SEARCH_USER_PATHS = NO;
				ARCHS = "$(ARCHS_STANDARD_64_BIT)";
				CLANG_ENABLE_OBJC_ARC = YES;
				COPY_PHASE_STRIP = NO;
				GCC_C_LANGUAGE_STANDARD = gnu99;
				GCC_DYNAMIC_NO_PIC = NO;
				GCC_ENABLE_OBJC_EXCEPTIONS = YES;
				GCC_OPTIMIZATION_LEVEL = 0;
				GCC_PREPROCESSOR_DEFINITIONS = (
					"DEBUG=1",
					"$(inherited)",
				);
				GCC_SYMBOLS_PRIVATE_EXTERN = NO;
				GCC_VERSION = com.apple.compilers.llvm.clang.1_0;
				GCC_WARN_64_TO_32_BIT_CONVERSION = YES;
				GCC_WARN_ABOUT_RETURN_TYPE = YES;
				GCC_WARN_UNINITIALIZED_AUTOS = YES;
				GCC_WARN_UNUSED_VARIABLE = YES;
				MACOSX_DEPLOYMENT_TARGET = 10.7;
				ONLY_ACTIVE_ARCH = YES;
				SDKROOT = macosx;
			};
			name = Debug;
		};
		0DA22E69158A8E8E00EAC859 /* Release */ = {
			isa = XCBuildConfiguration;
			buildSettings = {
				ALWAYS_SEARCH_USER_PATHS = NO;
				ARCHS = "$(ARCHS_STANDARD_64_BIT)";
				CLANG_ENABLE_OBJC_ARC = YES;
				COPY_PHASE_STRIP = YES;
				DEBUG_INFORMATION_FORMAT = "dwarf-with-dsym";
				GCC_C_LANGUAGE_STANDARD = gnu99;
				GCC_ENABLE_OBJC_EXCEPTIONS = YES;
				GCC_VERSION = com.apple.compilers.llvm.clang.1_0;
				GCC_WARN_64_TO_32_BIT_CONVERSION = YES;
				GCC_WARN_ABOUT_RETURN_TYPE = YES;
				GCC_WARN_UNINITIALIZED_AUTOS = YES;
				GCC_WARN_UNUSED_VARIABLE = YES;
				MACOSX_DEPLOYMENT_TARGET = 10.7;
				SDKROOT = macosx;
			};
			name = Release;
		};
		0DA22E6B158A8E8E00EAC859 /* Debug */ = {
			isa = XCBuildConfiguration;
			buildSettings = {
				GCC_PRECOMPILE_PREFIX_HEADER = YES;
				GCC_PREFIX_HEADER = "MacBoy/MacBoy-Prefix.pch";
				INFOPLIST_FILE = "MacBoy/MacBoy-Info.plist";
				PRODUCT_NAME = "$(TARGET_NAME)";
				WRAPPER_EXTENSION = app;
			};
			name = Debug;
		};
		0DA22E6C158A8E8E00EAC859 /* Release */ = {
			isa = XCBuildConfiguration;
			buildSettings = {
				GCC_PRECOMPILE_PREFIX_HEADER = YES;
				GCC_PREFIX_HEADER = "MacBoy/MacBoy-Prefix.pch";
				INFOPLIST_FILE = "MacBoy/MacBoy-Info.plist";
				PRODUCT_NAME = "$(TARGET_NAME)";
				WRAPPER_EXTENSION = app;
			};
			name = Release;
		};
/* End XCBuildConfiguration section */

/* Begin XCConfigurationList section */
		0DA22E46158A8E8D00EAC859 /* Build configuration list for PBXProject "MacBoy" */ = {
			isa = XCConfigurationList;
			buildConfigurations = (
				0DA22E68158A8E8E00EAC859 /* Debug */,
				0DA22E69158A8E8E00EAC859 /* Release */,
			);
			defaultConfigurationIsVisible = 0;
			defaultConfigurationName = Release;
		};
		0DA22E6A158A8E8E00EAC859 /* Build configuration list for PBXNativeTarget "MacBoy" */ = {
			isa = XCConfigurationList;
			buildConfigurations = (
				0DA22E6B158A8E8E00EAC859 /* Debug */,
				0DA22E6C158A8E8E00EAC859 /* Release */,
			);
			defaultConfigurationIsVisible = 0;
		};
/* End XCConfigurationList section */
	};
	rootObject = 0DA22E43158A8E8D00EAC859 /* Project object */;
}
